
Microsoft Visual Studio Solution File, Format Version 12.00
# Visual Studio Version 17
VisualStudioVersion = 17.9.34728.123
MinimumVisualStudioVersion = 10.0.40219.1
Project("{9A19103F-16F7-4668-BE54-9A1E7A4F7556}") = "contact", "contact\contact.csproj", "{ECB358CC-DF4E-4BEA-94EA-1BCF7ADC757C}"
EndProject
Global
	GlobalSection(SolutionConfigurationPlatforms) = preSolution
		Debug|Any CPU = Debug|Any CPU
		Release|Any CPU = Release|Any CPU
	EndGlobalSection
	GlobalSection(ProjectConfigurationPlatforms) = postSolution
		{ECB358CC-DF4E-4BEA-94EA-1BCF7ADC757C}.Debug|Any CPU.ActiveCfg = Debug|Any CPU
		{ECB358CC-DF4E-4BEA-94EA-1BCF7ADC757C}.Debug|Any CPU.Build.0 = Debug|Any CPU
		{ECB358CC-DF4E-4BEA-94EA-1BCF7ADC757C}.Release|Any CPU.ActiveCfg = Release|Any CPU
		{ECB358CC-DF4E-4BEA-94EA-1BCF7ADC757C}.Release|Any CPU.Build.0 = Release|Any CPU
	EndGlobalSection
	GlobalSection(SolutionProperties) = preSolution
		HideSolutionNode = FALSE
	EndGlobalSection
	GlobalSection(ExtensibilityGlobals) = postSolution
		SolutionGuid = {686EA94A-A2C5-4724-980C-5FDCE54FC7E6}
	EndGlobalSection
EndGlobal
